
Microsoft Visual Studio Solution File, Format Version 12.00
# Visual Studio 15
VisualStudioVersion = 15.0.28307.136
MinimumVisualStudioVersion = 10.0.40219.1
Project("{FAE04EC0-301F-11D3-BF4B-00C04F79EFBC}") = "KubernetesMonitor", "KubernetesMonitor\KubernetesMonitor.csproj", "{7319E1B7-7171-4830-8111-FF3B267D83A4}"
EndProject
Global
	GlobalSection(SolutionConfigurationPlatforms) = preSolution
		Debug|Any CPU = Debug|Any CPU
		Release|Any CPU = Release|Any CPU
	EndGlobalSection
	GlobalSection(ProjectConfigurationPlatforms) = postSolution
		{7319E1B7-7171-4830-8111-FF3B267D83A4}.Debug|Any CPU.ActiveCfg = Debug|Any CPU
		{7319E1B7-7171-4830-8111-FF3B267D83A4}.Debug|Any CPU.Build.0 = Debug|Any CPU
		{7319E1B7-7171-4830-8111-FF3B267D83A4}.Release|Any CPU.ActiveCfg = Release|Any CPU
		{7319E1B7-7171-4830-8111-FF3B267D83A4}.Release|Any CPU.Build.0 = Release|Any CPU
	EndGlobalSection
	GlobalSection(SolutionProperties) = preSolution
		HideSolutionNode = FALSE
	EndGlobalSection
	GlobalSection(ExtensibilityGlobals) = postSolution
		SolutionGuid = {7C3722C9-10E5-442E-B18F-778C80A85C3A}
	EndGlobalSection
EndGlobal
